
Microsoft Visual Studio Solution File, Format Version 12.00
# Visual Studio Version 17
VisualStudioVersion = 17.10.35027.167
MinimumVisualStudioVersion = 10.0.40219.1
Project("{8BC9CEB8-8B4A-11D0-8D11-00A0C91BC942}") = "FileIO_Study2", "FileIO_Study2\FileIO_Study2.vcxproj", "{938C2C1C-7897-496A-95B5-38FC94BB920F}"
EndProject
Project("{2150E333-8FDC-42A3-9474-1A3956D46DE8}") = "솔루션 항목", "솔루션 항목", "{23A8B1CC-4DFA-429E-8B0B-07E061B78D14}"
EndProject
Global
	GlobalSection(SolutionConfigurationPlatforms) = preSolution
		Debug|x64 = Debug|x64
		Debug|x86 = Debug|x86
		Release|x64 = Release|x64
		Release|x86 = Release|x86
	EndGlobalSection
	GlobalSection(ProjectConfigurationPlatforms) = postSolution
		{938C2C1C-7897-496A-95B5-38FC94BB920F}.Debug|x64.ActiveCfg = Debug|x64
		{938C2C1C-7897-496A-95B5-38FC94BB920F}.Debug|x64.Build.0 = Debug|x64
		{938C2C1C-7897-496A-95B5-38FC94BB920F}.Debug|x86.ActiveCfg = Debug|Win32
		{938C2C1C-7897-496A-95B5-38FC94BB920F}.Debug|x86.Build.0 = Debug|Win32
		{938C2C1C-7897-496A-95B5-38FC94BB920F}.Release|x64.ActiveCfg = Release|x64
		{938C2C1C-7897-496A-95B5-38FC94BB920F}.Release|x64.Build.0 = Release|x64
		{938C2C1C-7897-496A-95B5-38FC94BB920F}.Release|x86.ActiveCfg = Release|Win32
		{938C2C1C-7897-496A-95B5-38FC94BB920F}.Release|x86.Build.0 = Release|Win32
	EndGlobalSection
	GlobalSection(SolutionProperties) = preSolution
		HideSolutionNode = FALSE
	EndGlobalSection
	GlobalSection(ExtensibilityGlobals) = postSolution
		SolutionGuid = {B9251043-4C9D-4776-80D4-A6C4A64C5DE8}
	EndGlobalSection
EndGlobal
